{
  "name": "question-mapping",
  "version": "1.0.0",
  "lockfileVersion": 3,
  "requires": true,
  "packages": {
    "": {
      "name": "question-mapping",
      "version": "1.0.0",
      "license": "ISC",
      "dependencies": {
        "@jsplumb/browser-ui": "^6.2.10",
        "panzoom": "^9.4.3"
      },
      "devDependencies": {}
    },
    "node_modules/@jsplumb/browser-ui": {
      "version": "6.2.10",
      "resolved": "https://registry.npmjs.org/@jsplumb/browser-ui/-/browser-ui-6.2.10.tgz",
      "integrity": "sha512-trk++mK5q6hceJL79teemzcilJ+8DrZT/lMK0+B80AtHqZHr0YwMCf+so2JBb2Z/MDZ0fUEU9MbELY6OPhhs5g=="
    },
    "node_modules/amator": {
      "version": "1.1.0",
      "resolved": "https://registry.npmjs.org/amator/-/amator-1.1.0.tgz",
      "integrity": "sha512-V5+aH8pe+Z3u/UG3L3pG3BaFQGXAyXHVQDroRwjPHdh08bcUEchAVsU1MCuJSCaU5o60wTK6KaE6te5memzgYw==",
      "dependencies": {
        "bezier-easing": "^2.0.3"
      }
    },
    "node_modules/bezier-easing": {
      "version": "2.1.0",
      "resolved": "https://registry.npmjs.org/bezier-easing/-/bezier-easing-2.1.0.tgz",
      "integrity": "sha512-gbIqZ/eslnUFC1tjEvtz0sgx+xTK20wDnYMIA27VA04R7w6xxXQPZDbibjA9DTWZRA2CXtwHykkVzlCaAJAZig=="
    },
    "node_modules/ngraph.events": {
      "version": "1.2.2",
      "resolved": "https://registry.npmjs.org/ngraph.events/-/ngraph.events-1.2.2.tgz",
      "integrity": "sha512-JsUbEOzANskax+WSYiAPETemLWYXmixuPAlmZmhIbIj6FH/WDgEGCGnRwUQBK0GjOnVm8Ui+e5IJ+5VZ4e32eQ=="
    },
    "node_modules/panzoom": {
      "version": "9.4.3",
      "resolved": "https://registry.npmjs.org/panzoom/-/panzoom-9.4.3.tgz",
      "integrity": "sha512-xaxCpElcRbQsUtIdwlrZA90P90+BHip4Vda2BC8MEb4tkI05PmR6cKECdqUCZ85ZvBHjpI9htJrZBxV5Gp/q/w==",
      "dependencies": {
        "amator": "^1.1.0",
        "ngraph.events": "^1.2.2",
        "wheel": "^1.0.0"
      }
    },
    "node_modules/wheel": {
      "version": "1.0.0",
      "resolved": "https://registry.npmjs.org/wheel/-/wheel-1.0.0.tgz",
      "integrity": "sha512-XiCMHibOiqalCQ+BaNSwRoZ9FDTAvOsXxGHXChBugewDj7HC8VBIER71dEOiRH1fSdLbRCQzngKTSiZ06ZQzeA=="
    }
  }
}
